
Microsoft Visual Studio Solution File, Format Version 12.00
# Visual Studio Version 17
VisualStudioVersion = 17.9.34723.18
MinimumVisualStudioVersion = 10.0.40219.1
Project("{FAE04EC0-301F-11D3-BF4B-00C04F79EFBC}") = "CarShop.API", "CarShop.API\CarShop.API.csproj", "{C5BFD8E6-DE0D-49FB-8D6A-6CFA6DDEE619}"
EndProject
Project("{FAE04EC0-301F-11D3-BF4B-00C04F79EFBC}") = "CarShop.Web", "CarShop.Web\CarShop.Web.csproj", "{B55F5A90-AA83-4632-9F5E-646251E4D3D4}"
EndProject
Project("{FAE04EC0-301F-11D3-BF4B-00C04F79EFBC}") = "CarShop.DAL", "CarShop.DAL\CarShop.DAL.csproj", "{33BC7E1E-5058-46D1-B1FC-930D05880B7B}"
EndProject
Global
	GlobalSection(SolutionConfigurationPlatforms) = preSolution
		Debug|Any CPU = Debug|Any CPU
		Release|Any CPU = Release|Any CPU
	EndGlobalSection
	GlobalSection(ProjectConfigurationPlatforms) = postSolution
		{C5BFD8E6-DE0D-49FB-8D6A-6CFA6DDEE619}.Debug|Any CPU.ActiveCfg = Debug|Any CPU
		{C5BFD8E6-DE0D-49FB-8D6A-6CFA6DDEE619}.Debug|Any CPU.Build.0 = Debug|Any CPU
		{C5BFD8E6-DE0D-49FB-8D6A-6CFA6DDEE619}.Release|Any CPU.ActiveCfg = Release|Any CPU
		{C5BFD8E6-DE0D-49FB-8D6A-6CFA6DDEE619}.Release|Any CPU.Build.0 = Release|Any CPU
		{B55F5A90-AA83-4632-9F5E-646251E4D3D4}.Debug|Any CPU.ActiveCfg = Debug|Any CPU
		{B55F5A90-AA83-4632-9F5E-646251E4D3D4}.Debug|Any CPU.Build.0 = Debug|Any CPU
		{B55F5A90-AA83-4632-9F5E-646251E4D3D4}.Release|Any CPU.ActiveCfg = Release|Any CPU
		{B55F5A90-AA83-4632-9F5E-646251E4D3D4}.Release|Any CPU.Build.0 = Release|Any CPU
		{33BC7E1E-5058-46D1-B1FC-930D05880B7B}.Debug|Any CPU.ActiveCfg = Debug|Any CPU
		{33BC7E1E-5058-46D1-B1FC-930D05880B7B}.Debug|Any CPU.Build.0 = Debug|Any CPU
		{33BC7E1E-5058-46D1-B1FC-930D05880B7B}.Release|Any CPU.ActiveCfg = Release|Any CPU
		{33BC7E1E-5058-46D1-B1FC-930D05880B7B}.Release|Any CPU.Build.0 = Release|Any CPU
	EndGlobalSection
	GlobalSection(SolutionProperties) = preSolution
		HideSolutionNode = FALSE
	EndGlobalSection
	GlobalSection(ExtensibilityGlobals) = postSolution
		SolutionGuid = {0B2406C1-BCE3-4E19-B494-3A5F692DBC66}
	EndGlobalSection
EndGlobal
